
Microsoft Visual Studio Solution File, Format Version 12.00
# Visual Studio Version 17
VisualStudioVersion = 17.2.32602.215
MinimumVisualStudioVersion = 10.0.40219.1
Project("{9A19103F-16F7-4668-BE54-9A1E7A4F7556}") = "CryptoCurrencies", "src\CryptoCurrencies.csproj", "{5FFFA159-AE7B-4682-9177-E11783A368B1}"
EndProject
Project("{FAE04EC0-301F-11D3-BF4B-00C04F79EFBC}") = "CryptoCurrencies.Test", "test\CryptoCurrencies.Test\CryptoCurrencies.Test.csproj", "{3596F9C4-63EB-4606-ADD4-640C76010290}"
EndProject
Global
	GlobalSection(SolutionConfigurationPlatforms) = preSolution
		Debug|Any CPU = Debug|Any CPU
		Release|Any CPU = Release|Any CPU
	EndGlobalSection
	GlobalSection(ProjectConfigurationPlatforms) = postSolution
		{5FFFA159-AE7B-4682-9177-E11783A368B1}.Debug|Any CPU.ActiveCfg = Debug|Any CPU
		{5FFFA159-AE7B-4682-9177-E11783A368B1}.Debug|Any CPU.Build.0 = Debug|Any CPU
		{5FFFA159-AE7B-4682-9177-E11783A368B1}.Release|Any CPU.ActiveCfg = Release|Any CPU
		{5FFFA159-AE7B-4682-9177-E11783A368B1}.Release|Any CPU.Build.0 = Release|Any CPU
		{3596F9C4-63EB-4606-ADD4-640C76010290}.Debug|Any CPU.ActiveCfg = Debug|Any CPU
		{3596F9C4-63EB-4606-ADD4-640C76010290}.Debug|Any CPU.Build.0 = Debug|Any CPU
		{3596F9C4-63EB-4606-ADD4-640C76010290}.Release|Any CPU.ActiveCfg = Release|Any CPU
		{3596F9C4-63EB-4606-ADD4-640C76010290}.Release|Any CPU.Build.0 = Release|Any CPU
	EndGlobalSection
	GlobalSection(SolutionProperties) = preSolution
		HideSolutionNode = FALSE
	EndGlobalSection
	GlobalSection(ExtensibilityGlobals) = postSolution
		SolutionGuid = {48430CFE-EC6A-4925-A84F-E9E28774BEBA}
	EndGlobalSection
EndGlobal
